
Microsoft Visual Studio Solution File, Format Version 12.00
# Visual Studio Version 17
VisualStudioVersion = 17.6.33829.357
MinimumVisualStudioVersion = 10.0.40219.1
Project("{FAE04EC0-301F-11D3-BF4B-00C04F79EFBC}") = "venta", "venta\venta.csproj", "{BD5818D0-907B-4250-972C-6D5117A0C790}"
EndProject
Global
	GlobalSection(SolutionConfigurationPlatforms) = preSolution
		Debug|Any CPU = Debug|Any CPU
		Release|Any CPU = Release|Any CPU
	EndGlobalSection
	GlobalSection(ProjectConfigurationPlatforms) = postSolution
		{BD5818D0-907B-4250-972C-6D5117A0C790}.Debug|Any CPU.ActiveCfg = Debug|Any CPU
		{BD5818D0-907B-4250-972C-6D5117A0C790}.Debug|Any CPU.Build.0 = Debug|Any CPU
		{BD5818D0-907B-4250-972C-6D5117A0C790}.Release|Any CPU.ActiveCfg = Release|Any CPU
		{BD5818D0-907B-4250-972C-6D5117A0C790}.Release|Any CPU.Build.0 = Release|Any CPU
	EndGlobalSection
	GlobalSection(SolutionProperties) = preSolution
		HideSolutionNode = FALSE
	EndGlobalSection
	GlobalSection(ExtensibilityGlobals) = postSolution
		SolutionGuid = {F7F97245-105C-47F0-9C67-441340516DA3}
	EndGlobalSection
EndGlobal
